// !$*UTF8*$!
{
	archiveVersion = 1;
	classes = {
	};
	objectVersion = 55;
	objects = {

/* Begin PBXBuildFile section */
		5A145164295CD1D9005E4EF9 /* AppDelegate.swift in Sources */ = {isa = PBXBuildFile; fileRef = 5A145163295CD1D9005E4EF9 /* AppDelegate.swift */; };
		5A14516D295CD1DA005E4EF9 /* Assets.xcassets in Resources */ = {isa = PBXBuildFile; fileRef = 5A14516C295CD1DA005E4EF9 /* Assets.xcassets */; };
		5A145170295CD1DA005E4EF9 /* LaunchScreen.storyboard in Resources */ = {isa = PBXBuildFile; fileRef = 5A14516E295CD1DA005E4EF9 /* LaunchScreen.storyboard */; };
		5A14517B295CD1DA005E4EF9 /* mobile_testTests.swift in Sources */ = {isa = PBXBuildFile; fileRef = 5A14517A295CD1DA005E4EF9 /* mobile_testTests.swift */; };
		5A145185295CD1DA005E4EF9 /* mobile_testUITests.swift in Sources */ = {isa = PBXBuildFile; fileRef = 5A145184295CD1DA005E4EF9 /* mobile_testUITests.swift */; };
		5A145187295CD1DA005E4EF9 /* mobile_testUITestsLaunchTests.swift in Sources */ = {isa = PBXBuildFile; fileRef = 5A145186295CD1DA005E4EF9 /* mobile_testUITestsLaunchTests.swift */; };
		5A14519A295CE450005E4EF9 /* HomePresenter.swift in Sources */ = {isa = PBXBuildFile; fileRef = 5A145193295CE450005E4EF9 /* HomePresenter.swift */; };
		5A14519B295CE450005E4EF9 /* HomeLocalDataManager.swift in Sources */ = {isa = PBXBuildFile; fileRef = 5A145194295CE450005E4EF9 /* HomeLocalDataManager.swift */; };
		5A14519C295CE450005E4EF9 /* HomeProtocols.swift in Sources */ = {isa = PBXBuildFile; fileRef = 5A145195295CE450005E4EF9 /* HomeProtocols.swift */; };
		5A14519D295CE450005E4EF9 /* HomeInteractor.swift in Sources */ = {isa = PBXBuildFile; fileRef = 5A145196295CE450005E4EF9 /* HomeInteractor.swift */; };
		5A14519E295CE450005E4EF9 /* HomeView.swift in Sources */ = {isa = PBXBuildFile; fileRef = 5A145197295CE450005E4EF9 /* HomeView.swift */; };
		5A14519F295CE450005E4EF9 /* HomeRemoteDataManager.swift in Sources */ = {isa = PBXBuildFile; fileRef = 5A145198295CE450005E4EF9 /* HomeRemoteDataManager.swift */; };
		5A1451A0295CE450005E4EF9 /* HomeWireFrame.swift in Sources */ = {isa = PBXBuildFile; fileRef = 5A145199295CE450005E4EF9 /* HomeWireFrame.swift */; };
		5A8DF729295D7BC2001BA175 /* MarvelListData.swift in Sources */ = {isa = PBXBuildFile; fileRef = 5A8DF728295D7BC2001BA175 /* MarvelListData.swift */; };
		5A8DF731295D7DE1001BA175 /* DetailPresenter.swift in Sources */ = {isa = PBXBuildFile; fileRef = 5A8DF72A295D7DE1001BA175 /* DetailPresenter.swift */; };
		5A8DF732295D7DE1001BA175 /* DetailLocalDataManager.swift in Sources */ = {isa = PBXBuildFile; fileRef = 5A8DF72B295D7DE1001BA175 /* DetailLocalDataManager.swift */; };
		5A8DF733295D7DE1001BA175 /* DetailProtocols.swift in Sources */ = {isa = PBXBuildFile; fileRef = 5A8DF72C295D7DE1001BA175 /* DetailProtocols.swift */; };
		5A8DF734295D7DE1001BA175 /* DetailInteractor.swift in Sources */ = {isa = PBXBuildFile; fileRef = 5A8DF72D295D7DE1001BA175 /* DetailInteractor.swift */; };
		5A8DF735295D7DE1001BA175 /* DetailView.swift in Sources */ = {isa = PBXBuildFile; fileRef = 5A8DF72E295D7DE1001BA175 /* DetailView.swift */; };
		5A8DF736295D7DE1001BA175 /* DetailRemoteDataManager.swift in Sources */ = {isa = PBXBuildFile; fileRef = 5A8DF72F295D7DE1001BA175 /* DetailRemoteDataManager.swift */; };
		5A8DF737295D7DE1001BA175 /* DetailWireFrame.swift in Sources */ = {isa = PBXBuildFile; fileRef = 5A8DF730295D7DE1001BA175 /* DetailWireFrame.swift */; };
		5A8DF73C295D82D6001BA175 /* DetailMarvelURL.swift in Sources */ = {isa = PBXBuildFile; fileRef = 5A8DF73B295D82D6001BA175 /* DetailMarvelURL.swift */; };
		5AB2A039295EC983002C09D9 /* MarvelGroupData.swift in Sources */ = {isa = PBXBuildFile; fileRef = 5AB2A038295EC983002C09D9 /* MarvelGroupData.swift */; };
		5AB2A03B295EED00002C09D9 /* MarvelDetailData.swift in Sources */ = {isa = PBXBuildFile; fileRef = 5AB2A03A295EED00002C09D9 /* MarvelDetailData.swift */; };
		5AB2A03D295EFF26002C09D9 /* DetailMarvelDesc.swift in Sources */ = {isa = PBXBuildFile; fileRef = 5AB2A03C295EFF26002C09D9 /* DetailMarvelDesc.swift */; };
		5AF71A09295F43410098FF7E /* Environment.swift in Sources */ = {isa = PBXBuildFile; fileRef = 5AF71A08295F43410098FF7E /* Environment.swift */; };
		CC036696AC057D7AEA97FD25 /* Pods_mobile_test.framework in Frameworks */ = {isa = PBXBuildFile; fileRef = A462ED975A5C23C1B8338395 /* Pods_mobile_test.framework */; };
/* End PBXBuildFile section */

/* Begin PBXContainerItemProxy section */
		5A145177295CD1DA005E4EF9 /* PBXContainerItemProxy */ = {
			isa = PBXContainerItemProxy;
			containerPortal = 5A145158295CD1D9005E4EF9 /* Project object */;
			proxyType = 1;
			remoteGlobalIDString = 5A14515F295CD1D9005E4EF9;
			remoteInfo = mobile_test;
		};
		5A145181295CD1DA005E4EF9 /* PBXContainerItemProxy */ = {
			isa = PBXContainerItemProxy;
			containerPortal = 5A145158295CD1D9005E4EF9 /* Project object */;
			proxyType = 1;
			remoteGlobalIDString = 5A14515F295CD1D9005E4EF9;
			remoteInfo = mobile_test;
		};
/* End PBXContainerItemProxy section */

/* Begin PBXFileReference section */
		0F40BA561BAACD480D2555F8 /* Pods-mobile_test.release.xcconfig */ = {isa = PBXFileReference; includeInIndex = 1; lastKnownFileType = text.xcconfig; name = "Pods-mobile_test.release.xcconfig"; path = "Target Support Files/Pods-mobile_test/Pods-mobile_test.release.xcconfig"; sourceTree = "<group>"; };
		5A145160295CD1D9005E4EF9 /* mobile_test.app */ = {isa = PBXFileReference; explicitFileType = wrapper.application; includeInIndex = 0; path = mobile_test.app; sourceTree = BUILT_PRODUCTS_DIR; };
		5A145163295CD1D9005E4EF9 /* AppDelegate.swift */ = {isa = PBXFileReference; lastKnownFileType = sourcecode.swift; path = AppDelegate.swift; sourceTree = "<group>"; };
		5A14516C295CD1DA005E4EF9 /* Assets.xcassets */ = {isa = PBXFileReference; lastKnownFileType = folder.assetcatalog; path = Assets.xcassets; sourceTree = "<group>"; };
		5A14516F295CD1DA005E4EF9 /* Base */ = {isa = PBXFileReference; lastKnownFileType = file.storyboard; name = Base; path = Base.lproj/LaunchScreen.storyboard; sourceTree = "<group>"; };
		5A145171295CD1DA005E4EF9 /* Info.plist */ = {isa = PBXFileReference; lastKnownFileType = text.plist.xml; path = Info.plist; sourceTree = "<group>"; };
		5A145176295CD1DA005E4EF9 /* mobile_testTests.xctest */ = {isa = PBXFileReference; explicitFileType = wrapper.cfbundle; includeInIndex = 0; path = mobile_testTests.xctest; sourceTree = BUILT_PRODUCTS_DIR; };
		5A14517A295CD1DA005E4EF9 /* mobile_testTests.swift */ = {isa = PBXFileReference; lastKnownFileType = sourcecode.swift; path = mobile_testTests.swift; sourceTree = "<group>"; };
		5A145180295CD1DA005E4EF9 /* mobile_testUITests.xctest */ = {isa = PBXFileReference; explicitFileType = wrapper.cfbundle; includeInIndex = 0; path = mobile_testUITests.xctest; sourceTree = BUILT_PRODUCTS_DIR; };
		5A145184295CD1DA005E4EF9 /* mobile_testUITests.swift */ = {isa = PBXFileReference; lastKnownFileType = sourcecode.swift; path = mobile_testUITests.swift; sourceTree = "<group>"; };
		5A145186295CD1DA005E4EF9 /* mobile_testUITestsLaunchTests.swift */ = {isa = PBXFileReference; lastKnownFileType = sourcecode.swift; path = mobile_testUITestsLaunchTests.swift; sourceTree = "<group>"; };
		5A145193295CE450005E4EF9 /* HomePresenter.swift */ = {isa = PBXFileReference; lastKnownFileType = sourcecode.swift; path = HomePresenter.swift; sourceTree = "<group>"; };
		5A145194295CE450005E4EF9 /* HomeLocalDataManager.swift */ = {isa = PBXFileReference; lastKnownFileType = sourcecode.swift; path = HomeLocalDataManager.swift; sourceTree = "<group>"; };
		5A145195295CE450005E4EF9 /* HomeProtocols.swift */ = {isa = PBXFileReference; lastKnownFileType = sourcecode.swift; path = HomeProtocols.swift; sourceTree = "<group>"; };
		5A145196295CE450005E4EF9 /* HomeInteractor.swift */ = {isa = PBXFileReference; lastKnownFileType = sourcecode.swift; path = HomeInteractor.swift; sourceTree = "<group>"; };
		5A145197295CE450005E4EF9 /* HomeView.swift */ = {isa = PBXFileReference; lastKnownFileType = sourcecode.swift; path = HomeView.swift; sourceTree = "<group>"; };
		5A145198295CE450005E4EF9 /* HomeRemoteDataManager.swift */ = {isa = PBXFileReference; lastKnownFileType = sourcecode.swift; path = HomeRemoteDataManager.swift; sourceTree = "<group>"; };
		5A145199295CE450005E4EF9 /* HomeWireFrame.swift */ = {isa = PBXFileReference; lastKnownFileType = sourcecode.swift; path = HomeWireFrame.swift; sourceTree = "<group>"; };
		5A8DF728295D7BC2001BA175 /* MarvelListData.swift */ = {isa = PBXFileReference; lastKnownFileType = sourcecode.swift; path = MarvelListData.swift; sourceTree = "<group>"; };
		5A8DF72A295D7DE1001BA175 /* DetailPresenter.swift */ = {isa = PBXFileReference; lastKnownFileType = sourcecode.swift; path = DetailPresenter.swift; sourceTree = "<group>"; };
		5A8DF72B295D7DE1001BA175 /* DetailLocalDataManager.swift */ = {isa = PBXFileReference; lastKnownFileType = sourcecode.swift; path = DetailLocalDataManager.swift; sourceTree = "<group>"; };
		5A8DF72C295D7DE1001BA175 /* DetailProtocols.swift */ = {isa = PBXFileReference; lastKnownFileType = sourcecode.swift; path = DetailProtocols.swift; sourceTree = "<group>"; };
		5A8DF72D295D7DE1001BA175 /* DetailInteractor.swift */ = {isa = PBXFileReference; lastKnownFileType = sourcecode.swift; path = DetailInteractor.swift; sourceTree = "<group>"; };
		5A8DF72E295D7DE1001BA175 /* DetailView.swift */ = {isa = PBXFileReference; lastKnownFileType = sourcecode.swift; path = DetailView.swift; sourceTree = "<group>"; };
		5A8DF72F295D7DE1001BA175 /* DetailRemoteDataManager.swift */ = {isa = PBXFileReference; lastKnownFileType = sourcecode.swift; path = DetailRemoteDataManager.swift; sourceTree = "<group>"; };
		5A8DF730295D7DE1001BA175 /* DetailWireFrame.swift */ = {isa = PBXFileReference; lastKnownFileType = sourcecode.swift; path = DetailWireFrame.swift; sourceTree = "<group>"; };
		5A8DF73B295D82D6001BA175 /* DetailMarvelURL.swift */ = {isa = PBXFileReference; lastKnownFileType = sourcecode.swift; path = DetailMarvelURL.swift; sourceTree = "<group>"; };
		5AB2A038295EC983002C09D9 /* MarvelGroupData.swift */ = {isa = PBXFileReference; lastKnownFileType = sourcecode.swift; path = MarvelGroupData.swift; sourceTree = "<group>"; };
		5AB2A03A295EED00002C09D9 /* MarvelDetailData.swift */ = {isa = PBXFileReference; lastKnownFileType = sourcecode.swift; path = MarvelDetailData.swift; sourceTree = "<group>"; };
		5AB2A03C295EFF26002C09D9 /* DetailMarvelDesc.swift */ = {isa = PBXFileReference; lastKnownFileType = sourcecode.swift; path = DetailMarvelDesc.swift; sourceTree = "<group>"; };
		5AF71A08295F43410098FF7E /* Environment.swift */ = {isa = PBXFileReference; lastKnownFileType = sourcecode.swift; path = Environment.swift; sourceTree = "<group>"; };
		6BFAD1EFBA318C70492862DB /* Pods-mobile_test.debug.xcconfig */ = {isa = PBXFileReference; includeInIndex = 1; lastKnownFileType = text.xcconfig; name = "Pods-mobile_test.debug.xcconfig"; path = "Target Support Files/Pods-mobile_test/Pods-mobile_test.debug.xcconfig"; sourceTree = "<group>"; };
		A462ED975A5C23C1B8338395 /* Pods_mobile_test.framework */ = {isa = PBXFileReference; explicitFileType = wrapper.framework; includeInIndex = 0; path = Pods_mobile_test.framework; sourceTree = BUILT_PRODUCTS_DIR; };
/* End PBXFileReference section */

/* Begin PBXFrameworksBuildPhase section */
		5A14515D295CD1D9005E4EF9 /* Frameworks */ = {
			isa = PBXFrameworksBuildPhase;
			buildActionMask = 2147483647;
			files = (
				CC036696AC057D7AEA97FD25 /* Pods_mobile_test.framework in Frameworks */,
			);
			runOnlyForDeploymentPostprocessing = 0;
		};
		5A145173295CD1DA005E4EF9 /* Frameworks */ = {
			isa = PBXFrameworksBuildPhase;
			buildActionMask = 2147483647;
			files = (
			);
			runOnlyForDeploymentPostprocessing = 0;
		};
		5A14517D295CD1DA005E4EF9 /* Frameworks */ = {
			isa = PBXFrameworksBuildPhase;
			buildActionMask = 2147483647;
			files = (
			);
			runOnlyForDeploymentPostprocessing = 0;
		};
/* End PBXFrameworksBuildPhase section */

/* Begin PBXGroup section */
		5A145157295CD1D9005E4EF9 = {
			isa = PBXGroup;
			children = (
				5AF719FF295F3C150098FF7E /* AppDelegate */,
				5AF71A00295F3C530098FF7E /* DI */,
				5AF71A06295F40570098FF7E /* Protocols */,
				5AF71A01295F3CA80098FF7E /* Views */,
				5AF71A02295F3CC40098FF7E /* Presenter */,
				5AF71A03295F3CCD0098FF7E /* Interactor */,
				5A8DF6C1295D733B001BA175 /* Entity */,
				5AF71A05295F3E3D0098FF7E /* Data */,
				5A145162295CD1D9005E4EF9 /* mobile_test */,
				5A145179295CD1DA005E4EF9 /* mobile_testTests */,
				5A145183295CD1DA005E4EF9 /* mobile_testUITests */,
				5A145161295CD1D9005E4EF9 /* Products */,
				7B661D537080062B1E37E3AF /* Pods */,
				8DE393E1B2FE02E1B709E375 /* Frameworks */,
			);
			sourceTree = "<group>";
		};
		5A145161295CD1D9005E4EF9 /* Products */ = {
			isa = PBXGroup;
			children = (
				5A145160295CD1D9005E4EF9 /* mobile_test.app */,
				5A145176295CD1DA005E4EF9 /* mobile_testTests.xctest */,
				5A145180295CD1DA005E4EF9 /* mobile_testUITests.xctest */,
			);
			name = Products;
			sourceTree = "<group>";
		};
		5A145162295CD1D9005E4EF9 /* mobile_test */ = {
			isa = PBXGroup;
			children = (
				5A14516C295CD1DA005E4EF9 /* Assets.xcassets */,
				5A14516E295CD1DA005E4EF9 /* LaunchScreen.storyboard */,
				5A145171295CD1DA005E4EF9 /* Info.plist */,
			);
			path = mobile_test;
			sourceTree = "<group>";
		};
		5A145179295CD1DA005E4EF9 /* mobile_testTests */ = {
			isa = PBXGroup;
			children = (
				5A14517A295CD1DA005E4EF9 /* mobile_testTests.swift */,
			);
			path = mobile_testTests;
			sourceTree = "<group>";
		};
		5A145183295CD1DA005E4EF9 /* mobile_testUITests */ = {
			isa = PBXGroup;
			children = (
				5A145184295CD1DA005E4EF9 /* mobile_testUITests.swift */,
				5A145186295CD1DA005E4EF9 /* mobile_testUITestsLaunchTests.swift */,
			);
			path = mobile_testUITests;
			sourceTree = "<group>";
		};
		5A8DF6C1295D733B001BA175 /* Entity */ = {
			isa = PBXGroup;
			children = (
				5AB2A03C295EFF26002C09D9 /* DetailMarvelDesc.swift */,
				5A8DF73B295D82D6001BA175 /* DetailMarvelURL.swift */,
				5A8DF728295D7BC2001BA175 /* MarvelListData.swift */,
				5AB2A038295EC983002C09D9 /* MarvelGroupData.swift */,
				5AB2A03A295EED00002C09D9 /* MarvelDetailData.swift */,
			);
			path = Entity;
			sourceTree = "<group>";
		};
		5AF719FF295F3C150098FF7E /* AppDelegate */ = {
			isa = PBXGroup;
			children = (
				5A145163295CD1D9005E4EF9 /* AppDelegate.swift */,
			);
			path = AppDelegate;
			sourceTree = "<group>";
		};
		5AF71A00295F3C530098FF7E /* DI */ = {
			isa = PBXGroup;
			children = (
				5A145199295CE450005E4EF9 /* HomeWireFrame.swift */,
				5A8DF730295D7DE1001BA175 /* DetailWireFrame.swift */,
			);
			path = DI;
			sourceTree = "<group>";
		};
		5AF71A01295F3CA80098FF7E /* Views */ = {
			isa = PBXGroup;
			children = (
				5A145197295CE450005E4EF9 /* HomeView.swift */,
				5A8DF72E295D7DE1001BA175 /* DetailView.swift */,
			);
			path = Views;
			sourceTree = "<group>";
		};
		5AF71A02295F3CC40098FF7E /* Presenter */ = {
			isa = PBXGroup;
			children = (
				5A8DF72A295D7DE1001BA175 /* DetailPresenter.swift */,
				5A145193295CE450005E4EF9 /* HomePresenter.swift */,
			);
			path = Presenter;
			sourceTree = "<group>";
		};
		5AF71A03295F3CCD0098FF7E /* Interactor */ = {
			isa = PBXGroup;
			children = (
				5A145196295CE450005E4EF9 /* HomeInteractor.swift */,
				5A8DF72D295D7DE1001BA175 /* DetailInteractor.swift */,
			);
			path = Interactor;
			sourceTree = "<group>";
		};
		5AF71A04295F3E1B0098FF7E /* LocalDataManager */ = {
			isa = PBXGroup;
			children = (
				5A8DF72B295D7DE1001BA175 /* DetailLocalDataManager.swift */,
				5A145194295CE450005E4EF9 /* HomeLocalDataManager.swift */,
			);
			path = LocalDataManager;
			sourceTree = "<group>";
		};
		5AF71A05295F3E3D0098FF7E /* Data */ = {
			isa = PBXGroup;
			children = (
				5AF71A07295F43210098FF7E /* Environments */,
				5A145198295CE450005E4EF9 /* HomeRemoteDataManager.swift */,
				5A8DF72F295D7DE1001BA175 /* DetailRemoteDataManager.swift */,
				5AF71A04295F3E1B0098FF7E /* LocalDataManager */,
			);
			path = Data;
			sourceTree = "<group>";
		};
		5AF71A06295F40570098FF7E /* Protocols */ = {
			isa = PBXGroup;
			children = (
				5A145195295CE450005E4EF9 /* HomeProtocols.swift */,
				5A8DF72C295D7DE1001BA175 /* DetailProtocols.swift */,
			);
			path = Protocols;
			sourceTree = "<group>";
		};
		5AF71A07295F43210098FF7E /* Environments */ = {
			isa = PBXGroup;
			children = (
				5AF71A08295F43410098FF7E /* Environment.swift */,
			);
			path = Environments;
			sourceTree = "<group>";
		};
		7B661D537080062B1E37E3AF /* Pods */ = {
			isa = PBXGroup;
			children = (
				6BFAD1EFBA318C70492862DB /* Pods-mobile_test.debug.xcconfig */,
				0F40BA561BAACD480D2555F8 /* Pods-mobile_test.release.xcconfig */,
			);
			path = Pods;
			sourceTree = "<group>";
		};
		8DE393E1B2FE02E1B709E375 /* Frameworks */ = {
			isa = PBXGroup;
			children = (
				A462ED975A5C23C1B8338395 /* Pods_mobile_test.framework */,
			);
			name = Frameworks;
			sourceTree = "<group>";
		};
/* End PBXGroup section */

/* Begin PBXNativeTarget section */
		5A14515F295CD1D9005E4EF9 /* mobile_test */ = {
			isa = PBXNativeTarget;
			buildConfigurationList = 5A14518A295CD1DA005E4EF9 /* Build configuration list for PBXNativeTarget "mobile_test" */;
			buildPhases = (
				3FDB369E0B99EDB7766E613E /* [CP] Check Pods Manifest.lock */,
				5A14515C295CD1D9005E4EF9 /* Sources */,
				5A14515D295CD1D9005E4EF9 /* Frameworks */,
				5A14515E295CD1D9005E4EF9 /* Resources */,
				9DCE82C164DE8B2C280B2BEA /* [CP] Embed Pods Frameworks */,
			);
			buildRules = (
			);
			dependencies = (
			);
			name = mobile_test;
			productName = mobile_test;
			productReference = 5A145160295CD1D9005E4EF9 /* mobile_test.app */;
			productType = "com.apple.product-type.application";
		};
		5A145175295CD1DA005E4EF9 /* mobile_testTests */ = {
			isa = PBXNativeTarget;
			buildConfigurationList = 5A14518D295CD1DA005E4EF9 /* Build configuration list for PBXNativeTarget "mobile_testTests" */;
			buildPhases = (
				5A145172295CD1DA005E4EF9 /* Sources */,
				5A145173295CD1DA005E4EF9 /* Frameworks */,
				5A145174295CD1DA005E4EF9 /* Resources */,
			);
			buildRules = (
			);
			dependencies = (
				5A145178295CD1DA005E4EF9 /* PBXTargetDependency */,
			);
			name = mobile_testTests;
			productName = mobile_testTests;
			productReference = 5A145176295CD1DA005E4EF9 /* mobile_testTests.xctest */;
			productType = "com.apple.product-type.bundle.unit-test";
		};
		5A14517F295CD1DA005E4EF9 /* mobile_testUITests */ = {
			isa = PBXNativeTarget;
			buildConfigurationList = 5A145190295CD1DA005E4EF9 /* Build configuration list for PBXNativeTarget "mobile_testUITests" */;
			buildPhases = (
				5A14517C295CD1DA005E4EF9 /* Sources */,
				5A14517D295CD1DA005E4EF9 /* Frameworks */,
				5A14517E295CD1DA005E4EF9 /* Resources */,
			);
			buildRules = (
			);
			dependencies = (
				5A145182295CD1DA005E4EF9 /* PBXTargetDependency */,
			);
			name = mobile_testUITests;
			productName = mobile_testUITests;
			productReference = 5A145180295CD1DA005E4EF9 /* mobile_testUITests.xctest */;
			productType = "com.apple.product-type.bundle.ui-testing";
		};
/* End PBXNativeTarget section */

/* Begin PBXProject section */
		5A145158295CD1D9005E4EF9 /* Project object */ = {
			isa = PBXProject;
			attributes = {
				BuildIndependentTargetsInParallel = 1;
				LastSwiftUpdateCheck = 1420;
				LastUpgradeCheck = 1420;
				TargetAttributes = {
					5A14515F295CD1D9005E4EF9 = {
						CreatedOnToolsVersion = 14.2;
					};
					5A145175295CD1DA005E4EF9 = {
						CreatedOnToolsVersion = 14.2;
						TestTargetID = 5A14515F295CD1D9005E4EF9;
					};
					5A14517F295CD1DA005E4EF9 = {
						CreatedOnToolsVersion = 14.2;
						TestTargetID = 5A14515F295CD1D9005E4EF9;
					};
				};
			};
			buildConfigurationList = 5A14515B295CD1D9005E4EF9 /* Build configuration list for PBXProject "mobile_test" */;
			compatibilityVersion = "Xcode 13.0";
			developmentRegion = en;
			hasScannedForEncodings = 0;
			knownRegions = (
				en,
				Base,
			);
			mainGroup = 5A145157295CD1D9005E4EF9;
			productRefGroup = 5A145161295CD1D9005E4EF9 /* Products */;
			projectDirPath = "";
			projectRoot = "";
			targets = (
				5A14515F295CD1D9005E4EF9 /* mobile_test */,
				5A145175295CD1DA005E4EF9 /* mobile_testTests */,
				5A14517F295CD1DA005E4EF9 /* mobile_testUITests */,
			);
		};
/* End PBXProject section */

/* Begin PBXResourcesBuildPhase section */
		5A14515E295CD1D9005E4EF9 /* Resources */ = {
			isa = PBXResourcesBuildPhase;
			buildActionMask = 2147483647;
			files = (
				5A145170295CD1DA005E4EF9 /* LaunchScreen.storyboard in Resources */,
				5A14516D295CD1DA005E4EF9 /* Assets.xcassets in Resources */,
			);
			runOnlyForDeploymentPostprocessing = 0;
		};
		5A145174295CD1DA005E4EF9 /* Resources */ = {
			isa = PBXResourcesBuildPhase;
			buildActionMask = 2147483647;
			files = (
			);
			runOnlyForDeploymentPostprocessing = 0;
		};
		5A14517E295CD1DA005E4EF9 /* Resources */ = {
			isa = PBXResourcesBuildPhase;
			buildActionMask = 2147483647;
			files = (
			);
			runOnlyForDeploymentPostprocessing = 0;
		};
/* End PBXResourcesBuildPhase section */

/* Begin PBXShellScriptBuildPhase section */
		3FDB369E0B99EDB7766E613E /* [CP] Check Pods Manifest.lock */ = {
			isa = PBXShellScriptBuildPhase;
			buildActionMask = 2147483647;
			files = (
			);
			inputFileListPaths = (
			);
			inputPaths = (
				"${PODS_PODFILE_DIR_PATH}/Podfile.lock",
				"${PODS_ROOT}/Manifest.lock",
			);
			name = "[CP] Check Pods Manifest.lock";
			outputFileListPaths = (
			);
			outputPaths = (
				"$(DERIVED_FILE_DIR)/Pods-mobile_test-checkManifestLockResult.txt",
			);
			runOnlyForDeploymentPostprocessing = 0;
			shellPath = /bin/sh;
			shellScript = "diff \"${PODS_PODFILE_DIR_PATH}/Podfile.lock\" \"${PODS_ROOT}/Manifest.lock\" > /dev/null\nif [ $? != 0 ] ; then\n    # print error to STDERR\n    echo \"error: The sandbox is not in sync with the Podfile.lock. Run 'pod install' or update your CocoaPods installation.\" >&2\n    exit 1\nfi\n# This output is used by Xcode 'outputs' to avoid re-running this script phase.\necho \"SUCCESS\" > \"${SCRIPT_OUTPUT_FILE_0}\"\n";
			showEnvVarsInLog = 0;
		};
		9DCE82C164DE8B2C280B2BEA /* [CP] Embed Pods Frameworks */ = {
			isa = PBXShellScriptBuildPhase;
			buildActionMask = 2147483647;
			files = (
			);
			inputFileListPaths = (
				"${PODS_ROOT}/Target Support Files/Pods-mobile_test/Pods-mobile_test-frameworks-${CONFIGURATION}-input-files.xcfilelist",
			);
			name = "[CP] Embed Pods Frameworks";
			outputFileListPaths = (
				"${PODS_ROOT}/Target Support Files/Pods-mobile_test/Pods-mobile_test-frameworks-${CONFIGURATION}-output-files.xcfilelist",
			);
			runOnlyForDeploymentPostprocessing = 0;
			shellPath = /bin/sh;
			shellScript = "\"${PODS_ROOT}/Target Support Files/Pods-mobile_test/Pods-mobile_test-frameworks.sh\"\n";
			showEnvVarsInLog = 0;
		};
/* End PBXShellScriptBuildPhase section */

/* Begin PBXSourcesBuildPhase section */
		5A14515C295CD1D9005E4EF9 /* Sources */ = {
			isa = PBXSourcesBuildPhase;
			buildActionMask = 2147483647;
			files = (
				5AB2A03B295EED00002C09D9 /* MarvelDetailData.swift in Sources */,
				5A14519C295CE450005E4EF9 /* HomeProtocols.swift in Sources */,
				5A1451A0295CE450005E4EF9 /* HomeWireFrame.swift in Sources */,
				5A8DF732295D7DE1001BA175 /* DetailLocalDataManager.swift in Sources */,
				5A8DF736295D7DE1001BA175 /* DetailRemoteDataManager.swift in Sources */,
				5A8DF735295D7DE1001BA175 /* DetailView.swift in Sources */,
				5AB2A03D295EFF26002C09D9 /* DetailMarvelDesc.swift in Sources */,
				5A8DF73C295D82D6001BA175 /* DetailMarvelURL.swift in Sources */,
				5A8DF737295D7DE1001BA175 /* DetailWireFrame.swift in Sources */,
				5A145164295CD1D9005E4EF9 /* AppDelegate.swift in Sources */,
				5AF71A09295F43410098FF7E /* Environment.swift in Sources */,
				5A8DF733295D7DE1001BA175 /* DetailProtocols.swift in Sources */,
				5A8DF731295D7DE1001BA175 /* DetailPresenter.swift in Sources */,
				5A14519A295CE450005E4EF9 /* HomePresenter.swift in Sources */,
				5A14519E295CE450005E4EF9 /* HomeView.swift in Sources */,
				5A8DF734295D7DE1001BA175 /* DetailInteractor.swift in Sources */,
				5A8DF729295D7BC2001BA175 /* MarvelListData.swift in Sources */,
				5A14519D295CE450005E4EF9 /* HomeInteractor.swift in Sources */,
				5A14519F295CE450005E4EF9 /* HomeRemoteDataManager.swift in Sources */,
				5AB2A039295EC983002C09D9 /* MarvelGroupData.swift in Sources */,
				5A14519B295CE450005E4EF9 /* HomeLocalDataManager.swift in Sources */,
			);
			runOnlyForDeploymentPostprocessing = 0;
		};
		5A145172295CD1DA005E4EF9 /* Sources */ = {
			isa = PBXSourcesBuildPhase;
			buildActionMask = 2147483647;
			files = (
				5A14517B295CD1DA005E4EF9 /* mobile_testTests.swift in Sources */,
			);
			runOnlyForDeploymentPostprocessing = 0;
		};
		5A14517C295CD1DA005E4EF9 /* Sources */ = {
			isa = PBXSourcesBuildPhase;
			buildActionMask = 2147483647;
			files = (
				5A145187295CD1DA005E4EF9 /* mobile_testUITestsLaunchTests.swift in Sources */,
				5A145185295CD1DA005E4EF9 /* mobile_testUITests.swift in Sources */,
			);
			runOnlyForDeploymentPostprocessing = 0;
		};
/* End PBXSourcesBuildPhase section */

/* Begin PBXTargetDependency section */
		5A145178295CD1DA005E4EF9 /* PBXTargetDependency */ = {
			isa = PBXTargetDependency;
			target = 5A14515F295CD1D9005E4EF9 /* mobile_test */;
			targetProxy = 5A145177295CD1DA005E4EF9 /* PBXContainerItemProxy */;
		};
		5A145182295CD1DA005E4EF9 /* PBXTargetDependency */ = {
			isa = PBXTargetDependency;
			target = 5A14515F295CD1D9005E4EF9 /* mobile_test */;
			targetProxy = 5A145181295CD1DA005E4EF9 /* PBXContainerItemProxy */;
		};
/* End PBXTargetDependency section */

/* Begin PBXVariantGroup section */
		5A14516E295CD1DA005E4EF9 /* LaunchScreen.storyboard */ = {
			isa = PBXVariantGroup;
			children = (
				5A14516F295CD1DA005E4EF9 /* Base */,
			);
			name = LaunchScreen.storyboard;
			sourceTree = "<group>";
		};
/* End PBXVariantGroup section */

/* Begin XCBuildConfiguration section */
		5A145188295CD1DA005E4EF9 /* Debug */ = {
			isa = XCBuildConfiguration;
			buildSettings = {
				ALWAYS_SEARCH_USER_PATHS = NO;
				CLANG_ANALYZER_NONNULL = YES;
				CLANG_ANALYZER_NUMBER_OBJECT_CONVERSION = YES_AGGRESSIVE;
				CLANG_CXX_LANGUAGE_STANDARD = "gnu++20";
				CLANG_ENABLE_MODULES = YES;
				CLANG_ENABLE_OBJC_ARC = YES;
				CLANG_ENABLE_OBJC_WEAK = YES;
				CLANG_WARN_BLOCK_CAPTURE_AUTORELEASING = YES;
				CLANG_WARN_BOOL_CONVERSION = YES;
				CLANG_WARN_COMMA = YES;
				CLANG_WARN_CONSTANT_CONVERSION = YES;
				CLANG_WARN_DEPRECATED_OBJC_IMPLEMENTATIONS = YES;
				CLANG_WARN_DIRECT_OBJC_ISA_USAGE = YES_ERROR;
				CLANG_WARN_DOCUMENTATION_COMMENTS = YES;
				CLANG_WARN_EMPTY_BODY = YES;
				CLANG_WARN_ENUM_CONVERSION = YES;
				CLANG_WARN_INFINITE_RECURSION = YES;
				CLANG_WARN_INT_CONVERSION = YES;
				CLANG_WARN_NON_LITERAL_NULL_CONVERSION = YES;
				CLANG_WARN_OBJC_IMPLICIT_RETAIN_SELF = YES;
				CLANG_WARN_OBJC_LITERAL_CONVERSION = YES;
				CLANG_WARN_OBJC_ROOT_CLASS = YES_ERROR;
				CLANG_WARN_QUOTED_INCLUDE_IN_FRAMEWORK_HEADER = YES;
				CLANG_WARN_RANGE_LOOP_ANALYSIS = YES;
				CLANG_WARN_STRICT_PROTOTYPES = YES;
				CLANG_WARN_SUSPICIOUS_MOVE = YES;
				CLANG_WARN_UNGUARDED_AVAILABILITY = YES_AGGRESSIVE;
				CLANG_WARN_UNREACHABLE_CODE = YES;
				CLANG_WARN__DUPLICATE_METHOD_MATCH = YES;
				COPY_PHASE_STRIP = NO;
				DEBUG_INFORMATION_FORMAT = dwarf;
				ENABLE_STRICT_OBJC_MSGSEND = YES;
				ENABLE_TESTABILITY = YES;
				GCC_C_LANGUAGE_STANDARD = gnu11;
				GCC_DYNAMIC_NO_PIC = NO;
				GCC_NO_COMMON_BLOCKS = YES;
				GCC_OPTIMIZATION_LEVEL = 0;
				GCC_PREPROCESSOR_DEFINITIONS = (
					"DEBUG=1",
					"$(inherited)",
				);
				GCC_WARN_64_TO_32_BIT_CONVERSION = YES;
				GCC_WARN_ABOUT_RETURN_TYPE = YES_ERROR;
				GCC_WARN_UNDECLARED_SELECTOR = YES;
				GCC_WARN_UNINITIALIZED_AUTOS = YES_AGGRESSIVE;
				GCC_WARN_UNUSED_FUNCTION = YES;
				GCC_WARN_UNUSED_VARIABLE = YES;
				IPHONEOS_DEPLOYMENT_TARGET = 16.2;
				MTL_ENABLE_DEBUG_INFO = INCLUDE_SOURCE;
				MTL_FAST_MATH = YES;
				ONLY_ACTIVE_ARCH = YES;
				SDKROOT = iphoneos;
				SWIFT_ACTIVE_COMPILATION_CONDITIONS = DEBUG;
				SWIFT_OPTIMIZATION_LEVEL = "-Onone";
			};
			name = Debug;
		};
		5A145189295CD1DA005E4EF9 /* Release */ = {
			isa = XCBuildConfiguration;
			buildSettings = {
				ALWAYS_SEARCH_USER_PATHS = NO;
				CLANG_ANALYZER_NONNULL = YES;
				CLANG_ANALYZER_NUMBER_OBJECT_CONVERSION = YES_AGGRESSIVE;
				CLANG_CXX_LANGUAGE_STANDARD = "gnu++20";
				CLANG_ENABLE_MODULES = YES;
				CLANG_ENABLE_OBJC_ARC = YES;
				CLANG_ENABLE_OBJC_WEAK = YES;
				CLANG_WARN_BLOCK_CAPTURE_AUTORELEASING = YES;
				CLANG_WARN_BOOL_CONVERSION = YES;
				CLANG_WARN_COMMA = YES;
				CLANG_WARN_CONSTANT_CONVERSION = YES;
				CLANG_WARN_DEPRECATED_OBJC_IMPLEMENTATIONS = YES;
				CLANG_WARN_DIRECT_OBJC_ISA_USAGE = YES_ERROR;
				CLANG_WARN_DOCUMENTATION_COMMENTS = YES;
				CLANG_WARN_EMPTY_BODY = YES;
				CLANG_WARN_ENUM_CONVERSION = YES;
				CLANG_WARN_INFINITE_RECURSION = YES;
				CLANG_WARN_INT_CONVERSION = YES;
				CLANG_WARN_NON_LITERAL_NULL_CONVERSION = YES;
				CLANG_WARN_OBJC_IMPLICIT_RETAIN_SELF = YES;
				CLANG_WARN_OBJC_LITERAL_CONVERSION = YES;
				CLANG_WARN_OBJC_ROOT_CLASS = YES_ERROR;
				CLANG_WARN_QUOTED_INCLUDE_IN_FRAMEWORK_HEADER = YES;
				CLANG_WARN_RANGE_LOOP_ANALYSIS = YES;
				CLANG_WARN_STRICT_PROTOTYPES = YES;
				CLANG_WARN_SUSPICIOUS_MOVE = YES;
				CLANG_WARN_UNGUARDED_AVAILABILITY = YES_AGGRESSIVE;
				CLANG_WARN_UNREACHABLE_CODE = YES;
				CLANG_WARN__DUPLICATE_METHOD_MATCH = YES;
				COPY_PHASE_STRIP = NO;
				DEBUG_INFORMATION_FORMAT = "dwarf-with-dsym";
				ENABLE_NS_ASSERTIONS = NO;
				ENABLE_STRICT_OBJC_MSGSEND = YES;
				GCC_C_LANGUAGE_STANDARD = gnu11;
				GCC_NO_COMMON_BLOCKS = YES;
				GCC_WARN_64_TO_32_BIT_CONVERSION = YES;
				GCC_WARN_ABOUT_RETURN_TYPE = YES_ERROR;
				GCC_WARN_UNDECLARED_SELECTOR = YES;
				GCC_WARN_UNINITIALIZED_AUTOS = YES_AGGRESSIVE;
				GCC_WARN_UNUSED_FUNCTION = YES;
				GCC_WARN_UNUSED_VARIABLE = YES;
				IPHONEOS_DEPLOYMENT_TARGET = 16.2;
				MTL_ENABLE_DEBUG_INFO = NO;
				MTL_FAST_MATH = YES;
				SDKROOT = iphoneos;
				SWIFT_COMPILATION_MODE = wholemodule;
				SWIFT_OPTIMIZATION_LEVEL = "-O";
				VALIDATE_PRODUCT = YES;
			};
			name = Release;
		};
		5A14518B295CD1DA005E4EF9 /* Debug */ = {
			isa = XCBuildConfiguration;
			baseConfigurationReference = 6BFAD1EFBA318C70492862DB /* Pods-mobile_test.debug.xcconfig */;
			buildSettings = {
				ASSETCATALOG_COMPILER_APPICON_NAME = AppIcon;
				ASSETCATALOG_COMPILER_GLOBAL_ACCENT_COLOR_NAME = AccentColor;
				CODE_SIGN_STYLE = Automatic;
				CURRENT_PROJECT_VERSION = 1;
				GENERATE_INFOPLIST_FILE = YES;
				INFOPLIST_FILE = mobile_test/Info.plist;
				INFOPLIST_KEY_UIApplicationSupportsIndirectInputEvents = YES;
				INFOPLIST_KEY_UILaunchStoryboardName = LaunchScreen;
				INFOPLIST_KEY_UIMainStoryboardFile = LaunchScreen;
				INFOPLIST_KEY_UISupportedInterfaceOrientations = UIInterfaceOrientationPortrait;
				INFOPLIST_KEY_UISupportedInterfaceOrientations_iPad = "UIInterfaceOrientationLandscapeLeft UIInterfaceOrientationLandscapeRight UIInterfaceOrientationPortrait UIInterfaceOrientationPortraitUpsideDown";
				IPHONEOS_DEPLOYMENT_TARGET = 13.0;
				LD_RUNPATH_SEARCH_PATHS = (
					"$(inherited)",
					"@executable_path/Frameworks",
				);
				MARKETING_VERSION = 1.0;
				PRODUCT_BUNDLE_IDENTIFIER = "psomarriba.mobile-test";
				PRODUCT_NAME = "$(TARGET_NAME)";
				SWIFT_EMIT_LOC_STRINGS = YES;
				SWIFT_VERSION = 5.0;
				TARGETED_DEVICE_FAMILY = "1,2";
			};
			name = Debug;
		};
		5A14518C295CD1DA005E4EF9 /* Release */ = {
			isa = XCBuildConfiguration;
			baseConfigurationReference = 0F40BA561BAACD480D2555F8 /* Pods-mobile_test.release.xcconfig */;
			buildSettings = {
				ASSETCATALOG_COMPILER_APPICON_NAME = AppIcon;
				ASSETCATALOG_COMPILER_GLOBAL_ACCENT_COLOR_NAME = AccentColor;
				CODE_SIGN_STYLE = Automatic;
				CURRENT_PROJECT_VERSION = 1;
				GENERATE_INFOPLIST_FILE = YES;
				INFOPLIST_FILE = mobile_test/Info.plist;
				INFOPLIST_KEY_UIApplicationSupportsIndirectInputEvents = YES;
				INFOPLIST_KEY_UILaunchStoryboardName = LaunchScreen;
				INFOPLIST_KEY_UIMainStoryboardFile = LaunchScreen;
				INFOPLIST_KEY_UISupportedInterfaceOrientations = UIInterfaceOrientationPortrait;
				INFOPLIST_KEY_UISupportedInterfaceOrientations_iPad = "UIInterfaceOrientationLandscapeLeft UIInterfaceOrientationLandscapeRight UIInterfaceOrientationPortrait UIInterfaceOrientationPortraitUpsideDown";
				IPHONEOS_DEPLOYMENT_TARGET = 13.0;
				LD_RUNPATH_SEARCH_PATHS = (
					"$(inherited)",
					"@executable_path/Frameworks",
				);
				MARKETING_VERSION = 1.0;
				PRODUCT_BUNDLE_IDENTIFIER = "psomarriba.mobile-test";
				PRODUCT_NAME = "$(TARGET_NAME)";
				SWIFT_EMIT_LOC_STRINGS = YES;
				SWIFT_VERSION = 5.0;
				TARGETED_DEVICE_FAMILY = "1,2";
			};
			name = Release;
		};
		5A14518E295CD1DA005E4EF9 /* Debug */ = {
			isa = XCBuildConfiguration;
			buildSettings = {
				ALWAYS_EMBED_SWIFT_STANDARD_LIBRARIES = YES;
				BUNDLE_LOADER = "$(TEST_HOST)";
				CODE_SIGN_STYLE = Automatic;
				CURRENT_PROJECT_VERSION = 1;
				GENERATE_INFOPLIST_FILE = YES;
				IPHONEOS_DEPLOYMENT_TARGET = 16.2;
				MARKETING_VERSION = 1.0;
				PRODUCT_BUNDLE_IDENTIFIER = "psomarriba.mobile-testTests";
				PRODUCT_NAME = "$(TARGET_NAME)";
				SWIFT_EMIT_LOC_STRINGS = NO;
				SWIFT_VERSION = 5.0;
				TARGETED_DEVICE_FAMILY = "1,2";
				TEST_HOST = "$(BUILT_PRODUCTS_DIR)/mobile_test.app/$(BUNDLE_EXECUTABLE_FOLDER_PATH)/mobile_test";
			};
			name = Debug;
		};
		5A14518F295CD1DA005E4EF9 /* Release */ = {
			isa = XCBuildConfiguration;
			buildSettings = {
				ALWAYS_EMBED_SWIFT_STANDARD_LIBRARIES = YES;
				BUNDLE_LOADER = "$(TEST_HOST)";
				CODE_SIGN_STYLE = Automatic;
				CURRENT_PROJECT_VERSION = 1;
				GENERATE_INFOPLIST_FILE = YES;
				IPHONEOS_DEPLOYMENT_TARGET = 16.2;
				MARKETING_VERSION = 1.0;
				PRODUCT_BUNDLE_IDENTIFIER = "psomarriba.mobile-testTests";
				PRODUCT_NAME = "$(TARGET_NAME)";
				SWIFT_EMIT_LOC_STRINGS = NO;
				SWIFT_VERSION = 5.0;
				TARGETED_DEVICE_FAMILY = "1,2";
				TEST_HOST = "$(BUILT_PRODUCTS_DIR)/mobile_test.app/$(BUNDLE_EXECUTABLE_FOLDER_PATH)/mobile_test";
			};
			name = Release;
		};
		5A145191295CD1DA005E4EF9 /* Debug */ = {
			isa = XCBuildConfiguration;
			buildSettings = {
				ALWAYS_EMBED_SWIFT_STANDARD_LIBRARIES = YES;
				CODE_SIGN_STYLE = Automatic;
				CURRENT_PROJECT_VERSION = 1;
				GENERATE_INFOPLIST_FILE = YES;
				MARKETING_VERSION = 1.0;
				PRODUCT_BUNDLE_IDENTIFIER = "psomarriba.mobile-testUITests";
				PRODUCT_NAME = "$(TARGET_NAME)";
				SWIFT_EMIT_LOC_STRINGS = NO;
				SWIFT_VERSION = 5.0;
				TARGETED_DEVICE_FAMILY = "1,2";
				TEST_TARGET_NAME = mobile_test;
			};
			name = Debug;
		};
		5A145192295CD1DA005E4EF9 /* Release */ = {
			isa = XCBuildConfiguration;
			buildSettings = {
				ALWAYS_EMBED_SWIFT_STANDARD_LIBRARIES = YES;
				CODE_SIGN_STYLE = Automatic;
				CURRENT_PROJECT_VERSION = 1;
				GENERATE_INFOPLIST_FILE = YES;
				MARKETING_VERSION = 1.0;
				PRODUCT_BUNDLE_IDENTIFIER = "psomarriba.mobile-testUITests";
				PRODUCT_NAME = "$(TARGET_NAME)";
				SWIFT_EMIT_LOC_STRINGS = NO;
				SWIFT_VERSION = 5.0;
				TARGETED_DEVICE_FAMILY = "1,2";
				TEST_TARGET_NAME = mobile_test;
			};
			name = Release;
		};
/* End XCBuildConfiguration section */

/* Begin XCConfigurationList section */
		5A14515B295CD1D9005E4EF9 /* Build configuration list for PBXProject "mobile_test" */ = {
			isa = XCConfigurationList;
			buildConfigurations = (
				5A145188295CD1DA005E4EF9 /* Debug */,
				5A145189295CD1DA005E4EF9 /* Release */,
			);
			defaultConfigurationIsVisible = 0;
			defaultConfigurationName = Release;
		};
		5A14518A295CD1DA005E4EF9 /* Build configuration list for PBXNativeTarget "mobile_test" */ = {
			isa = XCConfigurationList;
			buildConfigurations = (
				5A14518B295CD1DA005E4EF9 /* Debug */,
				5A14518C295CD1DA005E4EF9 /* Release */,
			);
			defaultConfigurationIsVisible = 0;
			defaultConfigurationName = Release;
		};
		5A14518D295CD1DA005E4EF9 /* Build configuration list for PBXNativeTarget "mobile_testTests" */ = {
			isa = XCConfigurationList;
			buildConfigurations = (
				5A14518E295CD1DA005E4EF9 /* Debug */,
				5A14518F295CD1DA005E4EF9 /* Release */,
			);
			defaultConfigurationIsVisible = 0;
			defaultConfigurationName = Release;
		};
		5A145190295CD1DA005E4EF9 /* Build configuration list for PBXNativeTarget "mobile_testUITests" */ = {
			isa = XCConfigurationList;
			buildConfigurations = (
				5A145191295CD1DA005E4EF9 /* Debug */,
				5A145192295CD1DA005E4EF9 /* Release */,
			);
			defaultConfigurationIsVisible = 0;
			defaultConfigurationName = Release;
		};
/* End XCConfigurationList section */
	};
	rootObject = 5A145158295CD1D9005E4EF9 /* Project object */;
}
